Microsoft Visual Studio Solution File, Format Version 11.00
# Visual Studio 2008

Project("{9F492EAF-2354-9338-EFC2-EB4D14763DA9}") = "UISoftware_Attempt2", "Assembly-CSharp-vs.csproj", "{A220F6A3-CDD0-8F0E-8107-0CD374B35D39}"
EndProject
Project("{9F492EAF-2354-9338-EFC2-EB4D14763DA9}") = "UISoftware_Attempt2", "Assembly-CSharp-Editor-vs.csproj", "{78F6FBD7-62C2-8D7E-8C5C-BCFCA54D2699}"
EndProject
Global
	GlobalSection(SolutionConfigurationPlatforms) = preSolution
		Debug|Any CPU = Debug|Any CPU
		Release|Any CPU = Release|Any CPU
	EndGlobalSection
	GlobalSection(ProjectConfigurationPlatforms) = postSolution
		{A220F6A3-CDD0-8F0E-8107-0CD374B35D39}.Debug|Any CPU.ActiveCfg = Debug|Any CPU
		{A220F6A3-CDD0-8F0E-8107-0CD374B35D39}.Debug|Any CPU.Build.0 = Debug|Any CPU
		{A220F6A3-CDD0-8F0E-8107-0CD374B35D39}.Release|Any CPU.ActiveCfg = Release|Any CPU
		{A220F6A3-CDD0-8F0E-8107-0CD374B35D39}.Release|Any CPU.Build.0 = Release|Any CPU
		{78F6FBD7-62C2-8D7E-8C5C-BCFCA54D2699}.Debug|Any CPU.ActiveCfg = Debug|Any CPU
		{78F6FBD7-62C2-8D7E-8C5C-BCFCA54D2699}.Debug|Any CPU.Build.0 = Debug|Any CPU
		{78F6FBD7-62C2-8D7E-8C5C-BCFCA54D2699}.Release|Any CPU.ActiveCfg = Release|Any CPU
		{78F6FBD7-62C2-8D7E-8C5C-BCFCA54D2699}.Release|Any CPU.Build.0 = Release|Any CPU
	EndGlobalSection
	GlobalSection(SolutionProperties) = preSolution
		HideSolutionNode = FALSE
	EndGlobalSection
							GlobalSection(MonoDevelopProperties) = preSolution
		StartupItem = Assembly-CSharp.csproj
		Policies = $0
		$0.TextStylePolicy = $1
		$1.inheritsSet = null
		$1.scope = text/x-csharp
		$0.CSharpFormattingPolicy = $2
		$2.inheritsSet = Mono
		$2.inheritsScope = text/x-csharp
		$2.scope = text/x-csharp
		$0.TextStylePolicy = $3
		$3.FileWidth = 120
		$3.TabWidth = 4
		$3.EolMarker = Unix
		$3.inheritsSet = Mono
		$3.inheritsScope = text/plain
		$3.scope = text/plain
	EndGlobalSection

EndGlobal
